
Microsoft Visual Studio Solution File, Format Version 12.00
# Visual Studio Version 16
VisualStudioVersion = 16.0.31229.75
MinimumVisualStudioVersion = 10.0.40219.1
Project("{FAE04EC0-301F-11D3-BF4B-00C04F79EFBC}") = "Student Management System", "Student Management System\Student Management System.csproj", "{731A4BEF-5AB5-4E1E-99D1-D1D90A6361CC}"
EndProject
Global
	GlobalSection(SolutionConfigurationPlatforms) = preSolution
		Debug|Any CPU = Debug|Any CPU
		Release|Any CPU = Release|Any CPU
	EndGlobalSection
	GlobalSection(ProjectConfigurationPlatforms) = postSolution
		{731A4BEF-5AB5-4E1E-99D1-D1D90A6361CC}.Debug|Any CPU.ActiveCfg = Debug|Any CPU
		{731A4BEF-5AB5-4E1E-99D1-D1D90A6361CC}.Debug|Any CPU.Build.0 = Debug|Any CPU
		{731A4BEF-5AB5-4E1E-99D1-D1D90A6361CC}.Release|Any CPU.ActiveCfg = Release|Any CPU
		{731A4BEF-5AB5-4E1E-99D1-D1D90A6361CC}.Release|Any CPU.Build.0 = Release|Any CPU
	EndGlobalSection
	GlobalSection(SolutionProperties) = preSolution
		HideSolutionNode = FALSE
	EndGlobalSection
	GlobalSection(ExtensibilityGlobals) = postSolution
		SolutionGuid = {D7A6554C-9C75-48A1-840C-8CE4CD89F9A2}
	EndGlobalSection
EndGlobal
